
Microsoft Visual Studio Solution File, Format Version 12.00
# Visual Studio 15
Project("{FAE04EC0-301F-11D3-BF4B-00C04F79EFBC}") = "WeatherForecast", "WeatherForecast.csproj", "{60A6D003-C839-42F9-BBD2-CB56EA86835C}"
EndProject
Project("{E53339B2-1760-4266-BCC7-CA923CBCF16C}") = "docker-compose", "docker-compose.dcproj", "{FE93EBF6-0854-4970-8003-1D784FE2D5BB}"
EndProject
Global
	GlobalSection(SolutionConfigurationPlatforms) = preSolution
		Debug|Any CPU = Debug|Any CPU
		Release|Any CPU = Release|Any CPU
	EndGlobalSection
	GlobalSection(ProjectConfigurationPlatforms) = postSolution
		{60A6D003-C839-42F9-BBD2-CB56EA86835C}.Debug|Any CPU.ActiveCfg = Debug|Any CPU
		{60A6D003-C839-42F9-BBD2-CB56EA86835C}.Debug|Any CPU.Build.0 = Debug|Any CPU
		{60A6D003-C839-42F9-BBD2-CB56EA86835C}.Release|Any CPU.ActiveCfg = Release|Any CPU
		{60A6D003-C839-42F9-BBD2-CB56EA86835C}.Release|Any CPU.Build.0 = Release|Any CPU
		{FE93EBF6-0854-4970-8003-1D784FE2D5BB}.Debug|Any CPU.ActiveCfg = Debug|Any CPU
		{FE93EBF6-0854-4970-8003-1D784FE2D5BB}.Debug|Any CPU.Build.0 = Debug|Any CPU
		{FE93EBF6-0854-4970-8003-1D784FE2D5BB}.Release|Any CPU.ActiveCfg = Release|Any CPU
		{FE93EBF6-0854-4970-8003-1D784FE2D5BB}.Release|Any CPU.Build.0 = Release|Any CPU
	EndGlobalSection
EndGlobal
